// !$*UTF8*$!
{
	archiveVersion = 1;
	classes = {
	};
	objectVersion = 56;
	objects = {

/* Begin PBXBuildFile section */
		0B3F59022C1D8C81003855AC /* SoundManager.swift in Sources */ = {isa = PBXBuildFile; fileRef = 0B3F59012C1D8C81003855AC /* SoundManager.swift */; };
		375DFF282C16127E00A8A6D0 /* AppDelegate.swift in Sources */ = {isa = PBXBuildFile; fileRef = 375DFF272C16127E00A8A6D0 /* AppDelegate.swift */; };
		375DFF2A2C16127E00A8A6D0 /* SceneDelegate.swift in Sources */ = {isa = PBXBuildFile; fileRef = 375DFF292C16127E00A8A6D0 /* SceneDelegate.swift */; };
		375DFF2C2C16127E00A8A6D0 /* MainViewController.swift in Sources */ = {isa = PBXBuildFile; fileRef = 375DFF2B2C16127E00A8A6D0 /* MainViewController.swift */; };
		375DFF312C16128000A8A6D0 /* Assets.xcassets in Resources */ = {isa = PBXBuildFile; fileRef = 375DFF302C16128000A8A6D0 /* Assets.xcassets */; };
		375DFF342C16128000A8A6D0 /* Base in Resources */ = {isa = PBXBuildFile; fileRef = 375DFF332C16128000A8A6D0 /* Base */; };
		37B7C2E12C1CD9F700D444FD /* ResultsViewController.swift in Sources */ = {isa = PBXBuildFile; fileRef = 37B7C2E02C1CD9F700D444FD /* ResultsViewController.swift */; };
		37B7C2F72C1DED9000D444FD /* handStrike.wav in Resources */ = {isa = PBXBuildFile; fileRef = 37B7C2F42C1DED9000D444FD /* handStrike.wav */; };
		37B7C2F82C1DED9000D444FD /* winApplause.wav in Resources */ = {isa = PBXBuildFile; fileRef = 37B7C2F52C1DED9000D444FD /* winApplause.wav */; };
		37B7C2F92C1DED9000D444FD /* handSelection.wav in Resources */ = {isa = PBXBuildFile; fileRef = 37B7C2F62C1DED9000D444FD /* handSelection.wav */; };
		37B7C2FB2C1DEDA100D444FD /* SettingsViewController.swift in Sources */ = {isa = PBXBuildFile; fileRef = 37B7C2FA2C1DEDA100D444FD /* SettingsViewController.swift */; };
		37F16A402C19ED9100CC2C1A /* RulesViewController.swift in Sources */ = {isa = PBXBuildFile; fileRef = 37F16A3E2C19ED9100CC2C1A /* RulesViewController.swift */; };
		37F16A442C1A010800CC2C1A /* Pre-fightScreenController.swift in Sources */ = {isa = PBXBuildFile; fileRef = 37F16A432C1A010800CC2C1A /* Pre-fightScreenController.swift */; };
		6E0F33662C1DA9910003FED3 /* FirstStartChekManager.swift in Sources */ = {isa = PBXBuildFile; fileRef = 6E0F33652C1DA9910003FED3 /* FirstStartChekManager.swift */; };
		6E1117772C179532003CC000 /* FightViewController.swift in Sources */ = {isa = PBXBuildFile; fileRef = 6E1117762C179532003CC000 /* FightViewController.swift */; };
		6E1117792C179C1D003CC000 /* VerticalProgressView.swift in Sources */ = {isa = PBXBuildFile; fileRef = 6E1117782C179C1D003CC000 /* VerticalProgressView.swift */; };
		6E11177B2C17AC20003CC000 /* DefaultsSettings.swift in Sources */ = {isa = PBXBuildFile; fileRef = 6E11177A2C17AC20003CC000 /* DefaultsSettings.swift */; };
		6E11177D2C17AF0F003CC000 /* DualPlayerProgressView.swift in Sources */ = {isa = PBXBuildFile; fileRef = 6E11177C2C17AF0F003CC000 /* DualPlayerProgressView.swift */; };
		6E11177F2C18F7CD003CC000 /* PauseView.swift in Sources */ = {isa = PBXBuildFile; fileRef = 6E11177E2C18F7CD003CC000 /* PauseView.swift */; };
/* End PBXBuildFile section */

/* Begin PBXFileReference section */
		0B3F59012C1D8C81003855AC /* SoundManager.swift */ = {isa = PBXFileReference; lastKnownFileType = sourcecode.swift; path = SoundManager.swift; sourceTree = "<group>"; };
		375DFF242C16127E00A8A6D0 /* EpicRPS.app */ = {isa = PBXFileReference; explicitFileType = wrapper.application; includeInIndex = 0; path = EpicRPS.app; sourceTree = BUILT_PRODUCTS_DIR; };
		375DFF272C16127E00A8A6D0 /* AppDelegate.swift */ = {isa = PBXFileReference; lastKnownFileType = sourcecode.swift; path = AppDelegate.swift; sourceTree = "<group>"; };
		375DFF292C16127E00A8A6D0 /* SceneDelegate.swift */ = {isa = PBXFileReference; lastKnownFileType = sourcecode.swift; path = SceneDelegate.swift; sourceTree = "<group>"; };
		375DFF2B2C16127E00A8A6D0 /* MainViewController.swift */ = {isa = PBXFileReference; lastKnownFileType = sourcecode.swift; path = MainViewController.swift; sourceTree = "<group>"; };
		375DFF302C16128000A8A6D0 /* Assets.xcassets */ = {isa = PBXFileReference; lastKnownFileType = folder.assetcatalog; path = Assets.xcassets; sourceTree = "<group>"; };
		375DFF332C16128000A8A6D0 /* Base */ = {isa = PBXFileReference; lastKnownFileType = file.storyboard; name = Base; path = Base.lproj/LaunchScreen.storyboard; sourceTree = "<group>"; };
		375DFF352C16128000A8A6D0 /* Info.plist */ = {isa = PBXFileReference; lastKnownFileType = text.plist.xml; path = Info.plist; sourceTree = "<group>"; };
		37B7C2E02C1CD9F700D444FD /* ResultsViewController.swift */ = {isa = PBXFileReference; fileEncoding = 4; lastKnownFileType = sourcecode.swift; path = ResultsViewController.swift; sourceTree = "<group>"; };
		37B7C2F42C1DED9000D444FD /* handStrike.wav */ = {isa = PBXFileReference; lastKnownFileType = audio.wav; path = handStrike.wav; sourceTree = "<group>"; };
		37B7C2F52C1DED9000D444FD /* winApplause.wav */ = {isa = PBXFileReference; lastKnownFileType = audio.wav; path = winApplause.wav; sourceTree = "<group>"; };
		37B7C2F62C1DED9000D444FD /* handSelection.wav */ = {isa = PBXFileReference; lastKnownFileType = audio.wav; path = handSelection.wav; sourceTree = "<group>"; };
		37B7C2FA2C1DEDA100D444FD /* SettingsViewController.swift */ = {isa = PBXFileReference; fileEncoding = 4; lastKnownFileType = sourcecode.swift; path = SettingsViewController.swift; sourceTree = "<group>"; };
		37F16A3E2C19ED9100CC2C1A /* RulesViewController.swift */ = {isa = PBXFileReference; fileEncoding = 4; lastKnownFileType = sourcecode.swift; path = RulesViewController.swift; sourceTree = "<group>"; };
		37F16A432C1A010800CC2C1A /* Pre-fightScreenController.swift */ = {isa = PBXFileReference; fileEncoding = 4; lastKnownFileType = sourcecode.swift; path = "Pre-fightScreenController.swift"; sourceTree = "<group>"; };
		6E0F33652C1DA9910003FED3 /* FirstStartChekManager.swift */ = {isa = PBXFileReference; lastKnownFileType = sourcecode.swift; path = FirstStartChekManager.swift; sourceTree = "<group>"; };
		6E1117762C179532003CC000 /* FightViewController.swift */ = {isa = PBXFileReference; lastKnownFileType = sourcecode.swift; path = FightViewController.swift; sourceTree = "<group>"; };
		6E1117782C179C1D003CC000 /* VerticalProgressView.swift */ = {isa = PBXFileReference; lastKnownFileType = sourcecode.swift; path = VerticalProgressView.swift; sourceTree = "<group>"; };
		6E11177A2C17AC20003CC000 /* DefaultsSettings.swift */ = {isa = PBXFileReference; lastKnownFileType = sourcecode.swift; path = DefaultsSettings.swift; sourceTree = "<group>"; };
		6E11177C2C17AF0F003CC000 /* DualPlayerProgressView.swift */ = {isa = PBXFileReference; lastKnownFileType = sourcecode.swift; path = DualPlayerProgressView.swift; sourceTree = "<group>"; };
		6E11177E2C18F7CD003CC000 /* PauseView.swift */ = {isa = PBXFileReference; lastKnownFileType = sourcecode.swift; path = PauseView.swift; sourceTree = "<group>"; };
/* End PBXFileReference section */

/* Begin PBXFrameworksBuildPhase section */
		375DFF212C16127E00A8A6D0 /* Frameworks */ = {
			isa = PBXFrameworksBuildPhase;
			buildActionMask = 2147483647;
			files = (
			);
			runOnlyForDeploymentPostprocessing = 0;
		};
/* End PBXFrameworksBuildPhase section */

/* Begin PBXGroup section */
		0B3F59002C1D8C5B003855AC /* SoundPlayer */ = {
			isa = PBXGroup;
			children = (
				0B3F59012C1D8C81003855AC /* SoundManager.swift */,
			);
			path = SoundPlayer;
			sourceTree = "<group>";
		};
		0B3F59032C1D8F0E003855AC /* Sounds */ = {
			isa = PBXGroup;
			children = (
				37B7C2F62C1DED9000D444FD /* handSelection.wav */,
				37B7C2F42C1DED9000D444FD /* handStrike.wav */,
				37B7C2F52C1DED9000D444FD /* winApplause.wav */,
			);
			path = Sounds;
			sourceTree = "<group>";
		};
		375DFF1B2C16127E00A8A6D0 = {
			isa = PBXGroup;
			children = (
				375DFF262C16127E00A8A6D0 /* EpicRPS */,
				375DFF252C16127E00A8A6D0 /* Products */,
			);
			sourceTree = "<group>";
		};
		375DFF252C16127E00A8A6D0 /* Products */ = {
			isa = PBXGroup;
			children = (
				375DFF242C16127E00A8A6D0 /* EpicRPS.app */,
			);
			name = Products;
			sourceTree = "<group>";
		};
		375DFF262C16127E00A8A6D0 /* EpicRPS */ = {
			isa = PBXGroup;
			children = (
				375DFF3B2C1613EA00A8A6D0 /* App */,
				37F16A3C2C19EADB00CC2C1A /* MainScreenModule */,
				37F16A3D2C19EB1600CC2C1A /* FightModule */,
				37F16A452C1A010D00CC2C1A /* PreFightModule */,
				37B7C2DE2C1CD89200D444FD /* ResultsModule */,
				37F16A422C19ED9700CC2C1A /* RulesModule */,
				0B3F59002C1D8C5B003855AC /* SoundPlayer */,
				6E0F33642C1DA96B0003FED3 /* FirstStartCheck */,
				37B7C2FC2C1DEDA400D444FD /* SettingsModule */,
				37637C992C161A4500B6B06E /* Resources */,
			);
			path = EpicRPS;
			sourceTree = "<group>";
		};
		375DFF3B2C1613EA00A8A6D0 /* App */ = {
			isa = PBXGroup;
			children = (
				375DFF272C16127E00A8A6D0 /* AppDelegate.swift */,
				375DFF292C16127E00A8A6D0 /* SceneDelegate.swift */,
				375DFF352C16128000A8A6D0 /* Info.plist */,
			);
			path = App;
			sourceTree = "<group>";
		};
		37637C992C161A4500B6B06E /* Resources */ = {
			isa = PBXGroup;
			children = (
				0B3F59032C1D8F0E003855AC /* Sounds */,
				375DFF302C16128000A8A6D0 /* Assets.xcassets */,
				375DFF322C16128000A8A6D0 /* LaunchScreen.storyboard */,
			);
			path = Resources;
			sourceTree = "<group>";
		};
		37B7C2DE2C1CD89200D444FD /* ResultsModule */ = {
			isa = PBXGroup;
			children = (
				37B7C2E02C1CD9F700D444FD /* ResultsViewController.swift */,
			);
			path = ResultsModule;
			sourceTree = "<group>";
		};
		37B7C2FC2C1DEDA400D444FD /* SettingsModule */ = {
			isa = PBXGroup;
			children = (
				37B7C2FA2C1DEDA100D444FD /* SettingsViewController.swift */,
			);
			path = SettingsModule;
			sourceTree = "<group>";
		};
		37F16A3C2C19EADB00CC2C1A /* MainScreenModule */ = {
			isa = PBXGroup;
			children = (
				375DFF2B2C16127E00A8A6D0 /* MainViewController.swift */,
			);
			path = MainScreenModule;
			sourceTree = "<group>";
		};
		37F16A3D2C19EB1600CC2C1A /* FightModule */ = {
			isa = PBXGroup;
			children = (
				6E1117762C179532003CC000 /* FightViewController.swift */,
				6E1117782C179C1D003CC000 /* VerticalProgressView.swift */,
				6E11177C2C17AF0F003CC000 /* DualPlayerProgressView.swift */,
				6E11177E2C18F7CD003CC000 /* PauseView.swift */,
				6E11177A2C17AC20003CC000 /* DefaultsSettings.swift */,
			);
			path = FightModule;
			sourceTree = "<group>";
		};
		37F16A422C19ED9700CC2C1A /* RulesModule */ = {
			isa = PBXGroup;
			children = (
				37F16A3E2C19ED9100CC2C1A /* RulesViewController.swift */,
			);
			path = RulesModule;
			sourceTree = "<group>";
		};
		37F16A452C1A010D00CC2C1A /* PreFightModule */ = {
			isa = PBXGroup;
			children = (
				37F16A432C1A010800CC2C1A /* Pre-fightScreenController.swift */,
			);
			path = PreFightModule;
			sourceTree = "<group>";
		};
		6E0F33642C1DA96B0003FED3 /* FirstStartCheck */ = {
			isa = PBXGroup;
			children = (
				6E0F33652C1DA9910003FED3 /* FirstStartChekManager.swift */,
			);
			path = FirstStartCheck;
			sourceTree = "<group>";
		};
/* End PBXGroup section */

/* Begin PBXNativeTarget section */
		375DFF232C16127E00A8A6D0 /* EpicRPS */ = {
			isa = PBXNativeTarget;
			buildConfigurationList = 375DFF382C16128000A8A6D0 /* Build configuration list for PBXNativeTarget "EpicRPS" */;
			buildPhases = (
				375DFF202C16127E00A8A6D0 /* Sources */,
				375DFF212C16127E00A8A6D0 /* Frameworks */,
				375DFF222C16127E00A8A6D0 /* Resources */,
			);
			buildRules = (
			);
			dependencies = (
			);
			name = EpicRPS;
			productName = EpicRPS;
			productReference = 375DFF242C16127E00A8A6D0 /* EpicRPS.app */;
			productType = "com.apple.product-type.application";
		};
/* End PBXNativeTarget section */

/* Begin PBXProject section */
		375DFF1C2C16127E00A8A6D0 /* Project object */ = {
			isa = PBXProject;
			attributes = {
				BuildIndependentTargetsInParallel = 1;
				LastSwiftUpdateCheck = 1540;
				LastUpgradeCheck = 1540;
				TargetAttributes = {
					375DFF232C16127E00A8A6D0 = {
						CreatedOnToolsVersion = 15.4;
					};
				};
			};
			buildConfigurationList = 375DFF1F2C16127E00A8A6D0 /* Build configuration list for PBXProject "EpicRPS" */;
			compatibilityVersion = "Xcode 14.0";
			developmentRegion = en;
			hasScannedForEncodings = 0;
			knownRegions = (
				en,
				Base,
			);
			mainGroup = 375DFF1B2C16127E00A8A6D0;
			productRefGroup = 375DFF252C16127E00A8A6D0 /* Products */;
			projectDirPath = "";
			projectRoot = "";
			targets = (
				375DFF232C16127E00A8A6D0 /* EpicRPS */,
			);
		};
/* End PBXProject section */

/* Begin PBXResourcesBuildPhase section */
		375DFF222C16127E00A8A6D0 /* Resources */ = {
			isa = PBXResourcesBuildPhase;
			buildActionMask = 2147483647;
			files = (
				375DFF312C16128000A8A6D0 /* Assets.xcassets in Resources */,
				375DFF342C16128000A8A6D0 /* Base in Resources */,
				37B7C2F82C1DED9000D444FD /* winApplause.wav in Resources */,
				37B7C2F92C1DED9000D444FD /* handSelection.wav in Resources */,
				37B7C2F72C1DED9000D444FD /* handStrike.wav in Resources */,
			);
			runOnlyForDeploymentPostprocessing = 0;
		};
/* End PBXResourcesBuildPhase section */

/* Begin PBXSourcesBuildPhase section */
		375DFF202C16127E00A8A6D0 /* Sources */ = {
			isa = PBXSourcesBuildPhase;
			buildActionMask = 2147483647;
			files = (
				375DFF2C2C16127E00A8A6D0 /* MainViewController.swift in Sources */,
				6E1117772C179532003CC000 /* FightViewController.swift in Sources */,
				6E0F33662C1DA9910003FED3 /* FirstStartChekManager.swift in Sources */,
				375DFF282C16127E00A8A6D0 /* AppDelegate.swift in Sources */,
				6E11177F2C18F7CD003CC000 /* PauseView.swift in Sources */,
				37B7C2E12C1CD9F700D444FD /* ResultsViewController.swift in Sources */,
				37F16A442C1A010800CC2C1A /* Pre-fightScreenController.swift in Sources */,
				37F16A402C19ED9100CC2C1A /* RulesViewController.swift in Sources */,
				6E11177D2C17AF0F003CC000 /* DualPlayerProgressView.swift in Sources */,
				37B7C2FB2C1DEDA100D444FD /* SettingsViewController.swift in Sources */,
				375DFF2A2C16127E00A8A6D0 /* SceneDelegate.swift in Sources */,
				6E1117792C179C1D003CC000 /* VerticalProgressView.swift in Sources */,
				0B3F59022C1D8C81003855AC /* SoundManager.swift in Sources */,
				6E11177B2C17AC20003CC000 /* DefaultsSettings.swift in Sources */,
			);
			runOnlyForDeploymentPostprocessing = 0;
		};
/* End PBXSourcesBuildPhase section */

/* Begin PBXVariantGroup section */
		375DFF322C16128000A8A6D0 /* LaunchScreen.storyboard */ = {
			isa = PBXVariantGroup;
			children = (
				375DFF332C16128000A8A6D0 /* Base */,
			);
			name = LaunchScreen.storyboard;
			sourceTree = "<group>";
		};
/* End PBXVariantGroup section */

/* Begin XCBuildConfiguration section */
		375DFF362C16128000A8A6D0 /* Debug */ = {
			isa = XCBuildConfiguration;
			buildSettings = {
				ALWAYS_SEARCH_USER_PATHS = NO;
				ASSETCATALOG_COMPILER_GENERATE_SWIFT_ASSET_SYMBOL_EXTENSIONS = YES;
				CLANG_ANALYZER_NONNULL = YES;
				CLANG_ANALYZER_NUMBER_OBJECT_CONVERSION = YES_AGGRESSIVE;
				CLANG_CXX_LANGUAGE_STANDARD = "gnu++20";
				CLANG_ENABLE_MODULES = YES;
				CLANG_ENABLE_OBJC_ARC = YES;
				CLANG_ENABLE_OBJC_WEAK = YES;
				CLANG_WARN_BLOCK_CAPTURE_AUTORELEASING = YES;
				CLANG_WARN_BOOL_CONVERSION = YES;
				CLANG_WARN_COMMA = YES;
				CLANG_WARN_CONSTANT_CONVERSION = YES;
				CLANG_WARN_DEPRECATED_OBJC_IMPLEMENTATIONS = YES;
				CLANG_WARN_DIRECT_OBJC_ISA_USAGE = YES_ERROR;
				CLANG_WARN_DOCUMENTATION_COMMENTS = YES;
				CLANG_WARN_EMPTY_BODY = YES;
				CLANG_WARN_ENUM_CONVERSION = YES;
				CLANG_WARN_INFINITE_RECURSION = YES;
				CLANG_WARN_INT_CONVERSION = YES;
				CLANG_WARN_NON_LITERAL_NULL_CONVERSION = YES;
				CLANG_WARN_OBJC_IMPLICIT_RETAIN_SELF = YES;
				CLANG_WARN_OBJC_LITERAL_CONVERSION = YES;
				CLANG_WARN_OBJC_ROOT_CLASS = YES_ERROR;
				CLANG_WARN_QUOTED_INCLUDE_IN_FRAMEWORK_HEADER = YES;
				CLANG_WARN_RANGE_LOOP_ANALYSIS = YES;
				CLANG_WARN_STRICT_PROTOTYPES = YES;
				CLANG_WARN_SUSPICIOUS_MOVE = YES;
				CLANG_WARN_UNGUARDED_AVAILABILITY = YES_AGGRESSIVE;
				CLANG_WARN_UNREACHABLE_CODE = YES;
				CLANG_WARN__DUPLICATE_METHOD_MATCH = YES;
				COPY_PHASE_STRIP = NO;
				DEBUG_INFORMATION_FORMAT = dwarf;
				ENABLE_STRICT_OBJC_MSGSEND = YES;
				ENABLE_TESTABILITY = YES;
				ENABLE_USER_SCRIPT_SANDBOXING = YES;
				GCC_C_LANGUAGE_STANDARD = gnu17;
				GCC_DYNAMIC_NO_PIC = NO;
				GCC_NO_COMMON_BLOCKS = YES;
				GCC_OPTIMIZATION_LEVEL = 0;
				GCC_PREPROCESSOR_DEFINITIONS = (
					"DEBUG=1",
					"$(inherited)",
				);
				GCC_WARN_64_TO_32_BIT_CONVERSION = YES;
				GCC_WARN_ABOUT_RETURN_TYPE = YES_ERROR;
				GCC_WARN_UNDECLARED_SELECTOR = YES;
				GCC_WARN_UNINITIALIZED_AUTOS = YES_AGGRESSIVE;
				GCC_WARN_UNUSED_FUNCTION = YES;
				GCC_WARN_UNUSED_VARIABLE = YES;
				IPHONEOS_DEPLOYMENT_TARGET = 15.0;
				LOCALIZATION_PREFERS_STRING_CATALOGS = YES;
				MTL_ENABLE_DEBUG_INFO = INCLUDE_SOURCE;
				MTL_FAST_MATH = YES;
				ONLY_ACTIVE_ARCH = YES;
				SDKROOT = iphoneos;
				SWIFT_ACTIVE_COMPILATION_CONDITIONS = "DEBUG $(inherited)";
				SWIFT_OPTIMIZATION_LEVEL = "-Onone";
			};
			name = Debug;
		};
		375DFF372C16128000A8A6D0 /* Release */ = {
			isa = XCBuildConfiguration;
			buildSettings = {
				ALWAYS_SEARCH_USER_PATHS = NO;
				ASSETCATALOG_COMPILER_GENERATE_SWIFT_ASSET_SYMBOL_EXTENSIONS = YES;
				CLANG_ANALYZER_NONNULL = YES;
				CLANG_ANALYZER_NUMBER_OBJECT_CONVERSION = YES_AGGRESSIVE;
				CLANG_CXX_LANGUAGE_STANDARD = "gnu++20";
				CLANG_ENABLE_MODULES = YES;
				CLANG_ENABLE_OBJC_ARC = YES;
				CLANG_ENABLE_OBJC_WEAK = YES;
				CLANG_WARN_BLOCK_CAPTURE_AUTORELEASING = YES;
				CLANG_WARN_BOOL_CONVERSION = YES;
				CLANG_WARN_COMMA = YES;
				CLANG_WARN_CONSTANT_CONVERSION = YES;
				CLANG_WARN_DEPRECATED_OBJC_IMPLEMENTATIONS = YES;
				CLANG_WARN_DIRECT_OBJC_ISA_USAGE = YES_ERROR;
				CLANG_WARN_DOCUMENTATION_COMMENTS = YES;
				CLANG_WARN_EMPTY_BODY = YES;
				CLANG_WARN_ENUM_CONVERSION = YES;
				CLANG_WARN_INFINITE_RECURSION = YES;
				CLANG_WARN_INT_CONVERSION = YES;
				CLANG_WARN_NON_LITERAL_NULL_CONVERSION = YES;
				CLANG_WARN_OBJC_IMPLICIT_RETAIN_SELF = YES;
				CLANG_WARN_OBJC_LITERAL_CONVERSION = YES;
				CLANG_WARN_OBJC_ROOT_CLASS = YES_ERROR;
				CLANG_WARN_QUOTED_INCLUDE_IN_FRAMEWORK_HEADER = YES;
				CLANG_WARN_RANGE_LOOP_ANALYSIS = YES;
				CLANG_WARN_STRICT_PROTOTYPES = YES;
				CLANG_WARN_SUSPICIOUS_MOVE = YES;
				CLANG_WARN_UNGUARDED_AVAILABILITY = YES_AGGRESSIVE;
				CLANG_WARN_UNREACHABLE_CODE = YES;
				CLANG_WARN__DUPLICATE_METHOD_MATCH = YES;
				COPY_PHASE_STRIP = NO;
				DEBUG_INFORMATION_FORMAT = "dwarf-with-dsym";
				ENABLE_NS_ASSERTIONS = NO;
				ENABLE_STRICT_OBJC_MSGSEND = YES;
				ENABLE_USER_SCRIPT_SANDBOXING = YES;
				GCC_C_LANGUAGE_STANDARD = gnu17;
				GCC_NO_COMMON_BLOCKS = YES;
				GCC_WARN_64_TO_32_BIT_CONVERSION = YES;
				GCC_WARN_ABOUT_RETURN_TYPE = YES_ERROR;
				GCC_WARN_UNDECLARED_SELECTOR = YES;
				GCC_WARN_UNINITIALIZED_AUTOS = YES_AGGRESSIVE;
				GCC_WARN_UNUSED_FUNCTION = YES;
				GCC_WARN_UNUSED_VARIABLE = YES;
				IPHONEOS_DEPLOYMENT_TARGET = 15.0;
				LOCALIZATION_PREFERS_STRING_CATALOGS = YES;
				MTL_ENABLE_DEBUG_INFO = NO;
				MTL_FAST_MATH = YES;
				SDKROOT = iphoneos;
				SWIFT_COMPILATION_MODE = wholemodule;
				VALIDATE_PRODUCT = YES;
			};
			name = Release;
		};
		375DFF392C16128000A8A6D0 /* Debug */ = {
			isa = XCBuildConfiguration;
			buildSettings = {
				ASSETCATALOG_COMPILER_APPICON_NAME = AppIcon;
				ASSETCATALOG_COMPILER_GLOBAL_ACCENT_COLOR_NAME = AccentColor;
				CODE_SIGN_STYLE = Automatic;
				CURRENT_PROJECT_VERSION = 1;
				DEVELOPMENT_TEAM = 2JBA92AKK9;
				GENERATE_INFOPLIST_FILE = YES;
				INFOPLIST_FILE = EpicRPS/App/Info.plist;
				INFOPLIST_KEY_CFBundleDisplayName = "Epic RPS";
				INFOPLIST_KEY_UIApplicationSupportsIndirectInputEvents = YES;
				INFOPLIST_KEY_UILaunchStoryboardName = LaunchScreen;
				INFOPLIST_KEY_UISupportedInterfaceOrientations = UIInterfaceOrientationPortrait;
				INFOPLIST_KEY_UISupportedInterfaceOrientations_iPad = "UIInterfaceOrientationLandscapeLeft UIInterfaceOrientationLandscapeRight UIInterfaceOrientationPortrait UIInterfaceOrientationPortraitUpsideDown";
				IPHONEOS_DEPLOYMENT_TARGET = 15.0;
				LD_RUNPATH_SEARCH_PATHS = (
					"$(inherited)",
					"@executable_path/Frameworks",
				);
				MARKETING_VERSION = 1.0;
				PRODUCT_BUNDLE_IDENTIFIER = com.qewhouse.EpicRPS;
				PRODUCT_NAME = "$(TARGET_NAME)";
				SUPPORTED_PLATFORMS = "iphoneos iphonesimulator";
				SUPPORTS_MACCATALYST = NO;
				SUPPORTS_MAC_DESIGNED_FOR_IPHONE_IPAD = NO;
				SUPPORTS_XR_DESIGNED_FOR_IPHONE_IPAD = NO;
				SWIFT_EMIT_LOC_STRINGS = YES;
				SWIFT_VERSION = 5.0;
				TARGETED_DEVICE_FAMILY = 1;
			};
			name = Debug;
		};
		375DFF3A2C16128000A8A6D0 /* Release */ = {
			isa = XCBuildConfiguration;
			buildSettings = {
				ASSETCATALOG_COMPILER_APPICON_NAME = AppIcon;
				ASSETCATALOG_COMPILER_GLOBAL_ACCENT_COLOR_NAME = AccentColor;
				CODE_SIGN_STYLE = Automatic;
				CURRENT_PROJECT_VERSION = 1;
				DEVELOPMENT_TEAM = 2JBA92AKK9;
				GENERATE_INFOPLIST_FILE = YES;
				INFOPLIST_FILE = EpicRPS/App/Info.plist;
				INFOPLIST_KEY_CFBundleDisplayName = "Epic RPS";
				INFOPLIST_KEY_UIApplicationSupportsIndirectInputEvents = YES;
				INFOPLIST_KEY_UILaunchStoryboardName = LaunchScreen;
				INFOPLIST_KEY_UISupportedInterfaceOrientations = UIInterfaceOrientationPortrait;
				INFOPLIST_KEY_UISupportedInterfaceOrientations_iPad = "UIInterfaceOrientationLandscapeLeft UIInterfaceOrientationLandscapeRight UIInterfaceOrientationPortrait UIInterfaceOrientationPortraitUpsideDown";
				IPHONEOS_DEPLOYMENT_TARGET = 15.0;
				LD_RUNPATH_SEARCH_PATHS = (
					"$(inherited)",
					"@executable_path/Frameworks",
				);
				MARKETING_VERSION = 1.0;
				PRODUCT_BUNDLE_IDENTIFIER = com.qewhouse.EpicRPS;
				PRODUCT_NAME = "$(TARGET_NAME)";
				SUPPORTED_PLATFORMS = "iphoneos iphonesimulator";
				SUPPORTS_MACCATALYST = NO;
				SUPPORTS_MAC_DESIGNED_FOR_IPHONE_IPAD = NO;
				SUPPORTS_XR_DESIGNED_FOR_IPHONE_IPAD = NO;
				SWIFT_EMIT_LOC_STRINGS = YES;
				SWIFT_VERSION = 5.0;
				TARGETED_DEVICE_FAMILY = 1;
			};
			name = Release;
		};
/* End XCBuildConfiguration section */

/* Begin XCConfigurationList section */
		375DFF1F2C16127E00A8A6D0 /* Build configuration list for PBXProject "EpicRPS" */ = {
			isa = XCConfigurationList;
			buildConfigurations = (
				375DFF362C16128000A8A6D0 /* Debug */,
				375DFF372C16128000A8A6D0 /* Release */,
			);
			defaultConfigurationIsVisible = 0;
			defaultConfigurationName = Release;
		};
		375DFF382C16128000A8A6D0 /* Build configuration list for PBXNativeTarget "EpicRPS" */ = {
			isa = XCConfigurationList;
			buildConfigurations = (
				375DFF392C16128000A8A6D0 /* Debug */,
				375DFF3A2C16128000A8A6D0 /* Release */,
			);
			defaultConfigurationIsVisible = 0;
			defaultConfigurationName = Release;
		};
/* End XCConfigurationList section */
	};
	rootObject = 375DFF1C2C16127E00A8A6D0 /* Project object */;
}
